
Microsoft Visual Studio Solution File, Format Version 12.00
Project("{FAE04EC0-301F-11D3-BF4B-00C04F79EFBC}") = "API", "API\API.csproj", "{70B1B76C-E6C6-4D04-A606-F8D88C402E5B}"
EndProject
Project("{FAE04EC0-301F-11D3-BF4B-00C04F79EFBC}") = "Application", "Application\Application.csproj", "{05454BB4-36C2-4F0D-8091-334ADA4D812F}"
EndProject
Project("{FAE04EC0-301F-11D3-BF4B-00C04F79EFBC}") = "Domain", "Domain\Domain.csproj", "{4C87AB8D-DE83-4430-B374-2DE8BAB5A24C}"
EndProject
Project("{FAE04EC0-301F-11D3-BF4B-00C04F79EFBC}") = "Infra", "Infra\Infra.csproj", "{DC540E6D-4AD1-4A18-9EFD-98256DB37B04}"
EndProject
Global
	GlobalSection(SolutionConfigurationPlatforms) = preSolution
		Debug|Any CPU = Debug|Any CPU
		Release|Any CPU = Release|Any CPU
	EndGlobalSection
	GlobalSection(ProjectConfigurationPlatforms) = postSolution
		{70B1B76C-E6C6-4D04-A606-F8D88C402E5B}.Debug|Any CPU.ActiveCfg = Debug|Any CPU
		{70B1B76C-E6C6-4D04-A606-F8D88C402E5B}.Debug|Any CPU.Build.0 = Debug|Any CPU
		{70B1B76C-E6C6-4D04-A606-F8D88C402E5B}.Release|Any CPU.ActiveCfg = Release|Any CPU
		{70B1B76C-E6C6-4D04-A606-F8D88C402E5B}.Release|Any CPU.Build.0 = Release|Any CPU
		{05454BB4-36C2-4F0D-8091-334ADA4D812F}.Debug|Any CPU.ActiveCfg = Debug|Any CPU
		{05454BB4-36C2-4F0D-8091-334ADA4D812F}.Debug|Any CPU.Build.0 = Debug|Any CPU
		{05454BB4-36C2-4F0D-8091-334ADA4D812F}.Release|Any CPU.ActiveCfg = Release|Any CPU
		{05454BB4-36C2-4F0D-8091-334ADA4D812F}.Release|Any CPU.Build.0 = Release|Any CPU
		{4C87AB8D-DE83-4430-B374-2DE8BAB5A24C}.Debug|Any CPU.ActiveCfg = Debug|Any CPU
		{4C87AB8D-DE83-4430-B374-2DE8BAB5A24C}.Debug|Any CPU.Build.0 = Debug|Any CPU
		{4C87AB8D-DE83-4430-B374-2DE8BAB5A24C}.Release|Any CPU.ActiveCfg = Release|Any CPU
		{4C87AB8D-DE83-4430-B374-2DE8BAB5A24C}.Release|Any CPU.Build.0 = Release|Any CPU
		{DC540E6D-4AD1-4A18-9EFD-98256DB37B04}.Debug|Any CPU.ActiveCfg = Debug|Any CPU
		{DC540E6D-4AD1-4A18-9EFD-98256DB37B04}.Debug|Any CPU.Build.0 = Debug|Any CPU
		{DC540E6D-4AD1-4A18-9EFD-98256DB37B04}.Release|Any CPU.ActiveCfg = Release|Any CPU
		{DC540E6D-4AD1-4A18-9EFD-98256DB37B04}.Release|Any CPU.Build.0 = Release|Any CPU
	EndGlobalSection
EndGlobal
